// !$*UTF8*$!
{
	archiveVersion = 1;
	classes = {
	};
	objectVersion = 55;
	objects = {

/* Begin PBXBuildFile section */
		C906EA542861FDE300EE8B9C /* AppDelegate.swift in Sources */ = {isa = PBXBuildFile; fileRef = C906EA532861FDE300EE8B9C /* AppDelegate.swift */; };
		C906EA562861FDE300EE8B9C /* SceneDelegate.swift in Sources */ = {isa = PBXBuildFile; fileRef = C906EA552861FDE300EE8B9C /* SceneDelegate.swift */; };
		C906EA5B2861FDE300EE8B9C /* Main.storyboard in Resources */ = {isa = PBXBuildFile; fileRef = C906EA592861FDE300EE8B9C /* Main.storyboard */; };
		C906EA5D2861FDE400EE8B9C /* Assets.xcassets in Resources */ = {isa = PBXBuildFile; fileRef = C906EA5C2861FDE400EE8B9C /* Assets.xcassets */; };
		C906EA602861FDE400EE8B9C /* LaunchScreen.storyboard in Resources */ = {isa = PBXBuildFile; fileRef = C906EA5E2861FDE400EE8B9C /* LaunchScreen.storyboard */; };
		C906EA692861FE0700EE8B9C /* NewsListTableViewController.swift in Sources */ = {isa = PBXBuildFile; fileRef = C906EA682861FE0700EE8B9C /* NewsListTableViewController.swift */; };
		C93832AF286385C500CC3C96 /* Article.swift in Sources */ = {isa = PBXBuildFile; fileRef = C93832AE286385C500CC3C96 /* Article.swift */; };
		C93832B228638E2B00CC3C96 /* ArticleViewModel.swift in Sources */ = {isa = PBXBuildFile; fileRef = C93832B128638E2B00CC3C96 /* ArticleViewModel.swift */; };
		C93832B52863930A00CC3C96 /* ArticleTableViewCell.swift in Sources */ = {isa = PBXBuildFile; fileRef = C93832B42863930A00CC3C96 /* ArticleTableViewCell.swift */; };
		C9724B42286204480051F323 /* Webservice.swift in Sources */ = {isa = PBXBuildFile; fileRef = C9724B41286204480051F323 /* Webservice.swift */; };
/* End PBXBuildFile section */

/* Begin PBXFileReference section */
		C906EA502861FDE300EE8B9C /* MvvmNews.app */ = {isa = PBXFileReference; explicitFileType = wrapper.application; includeInIndex = 0; path = MvvmNews.app; sourceTree = BUILT_PRODUCTS_DIR; };
		C906EA532861FDE300EE8B9C /* AppDelegate.swift */ = {isa = PBXFileReference; lastKnownFileType = sourcecode.swift; path = AppDelegate.swift; sourceTree = "<group>"; };
		C906EA552861FDE300EE8B9C /* SceneDelegate.swift */ = {isa = PBXFileReference; lastKnownFileType = sourcecode.swift; path = SceneDelegate.swift; sourceTree = "<group>"; };
		C906EA5A2861FDE300EE8B9C /* Base */ = {isa = PBXFileReference; lastKnownFileType = file.storyboard; name = Base; path = Base.lproj/Main.storyboard; sourceTree = "<group>"; };
		C906EA5C2861FDE400EE8B9C /* Assets.xcassets */ = {isa = PBXFileReference; lastKnownFileType = folder.assetcatalog; path = Assets.xcassets; sourceTree = "<group>"; };
		C906EA5F2861FDE400EE8B9C /* Base */ = {isa = PBXFileReference; lastKnownFileType = file.storyboard; name = Base; path = Base.lproj/LaunchScreen.storyboard; sourceTree = "<group>"; };
		C906EA612861FDE400EE8B9C /* Info.plist */ = {isa = PBXFileReference; lastKnownFileType = text.plist.xml; path = Info.plist; sourceTree = "<group>"; };
		C906EA682861FE0700EE8B9C /* NewsListTableViewController.swift */ = {isa = PBXFileReference; lastKnownFileType = sourcecode.swift; path = NewsListTableViewController.swift; sourceTree = "<group>"; };
		C93832AE286385C500CC3C96 /* Article.swift */ = {isa = PBXFileReference; lastKnownFileType = sourcecode.swift; path = Article.swift; sourceTree = "<group>"; };
		C93832B128638E2B00CC3C96 /* ArticleViewModel.swift */ = {isa = PBXFileReference; lastKnownFileType = sourcecode.swift; path = ArticleViewModel.swift; sourceTree = "<group>"; };
		C93832B42863930A00CC3C96 /* ArticleTableViewCell.swift */ = {isa = PBXFileReference; lastKnownFileType = sourcecode.swift; path = ArticleTableViewCell.swift; sourceTree = "<group>"; };
		C9724B41286204480051F323 /* Webservice.swift */ = {isa = PBXFileReference; lastKnownFileType = sourcecode.swift; path = Webservice.swift; sourceTree = "<group>"; };
/* End PBXFileReference section */

/* Begin PBXFrameworksBuildPhase section */
		C906EA4D2861FDE300EE8B9C /* Frameworks */ = {
			isa = PBXFrameworksBuildPhase;
			buildActionMask = 2147483647;
			files = (
			);
			runOnlyForDeploymentPostprocessing = 0;
		};
/* End PBXFrameworksBuildPhase section */

/* Begin PBXGroup section */
		C906EA472861FDE300EE8B9C = {
			isa = PBXGroup;
			children = (
				C906EA522861FDE300EE8B9C /* MvvmNews */,
				C906EA512861FDE300EE8B9C /* Products */,
			);
			sourceTree = "<group>";
		};
		C906EA512861FDE300EE8B9C /* Products */ = {
			isa = PBXGroup;
			children = (
				C906EA502861FDE300EE8B9C /* MvvmNews.app */,
			);
			name = Products;
			sourceTree = "<group>";
		};
		C906EA522861FDE300EE8B9C /* MvvmNews */ = {
			isa = PBXGroup;
			children = (
				C93832B3286392EF00CC3C96 /* Cells */,
				C93832B028638E1800CC3C96 /* ViewModels */,
				C93832AB2863859A00CC3C96 /* Models */,
				C9724B402862043C0051F323 /* Services */,
				C906EA672861FDF600EE8B9C /* Controllers */,
				C906EA532861FDE300EE8B9C /* AppDelegate.swift */,
				C906EA552861FDE300EE8B9C /* SceneDelegate.swift */,
				C906EA592861FDE300EE8B9C /* Main.storyboard */,
				C906EA5C2861FDE400EE8B9C /* Assets.xcassets */,
				C906EA5E2861FDE400EE8B9C /* LaunchScreen.storyboard */,
				C906EA612861FDE400EE8B9C /* Info.plist */,
			);
			path = MvvmNews;
			sourceTree = "<group>";
		};
		C906EA672861FDF600EE8B9C /* Controllers */ = {
			isa = PBXGroup;
			children = (
				C906EA682861FE0700EE8B9C /* NewsListTableViewController.swift */,
			);
			path = Controllers;
			sourceTree = "<group>";
		};
		C93832AB2863859A00CC3C96 /* Models */ = {
			isa = PBXGroup;
			children = (
				C93832AE286385C500CC3C96 /* Article.swift */,
			);
			path = Models;
			sourceTree = "<group>";
		};
		C93832B028638E1800CC3C96 /* ViewModels */ = {
			isa = PBXGroup;
			children = (
				C93832B128638E2B00CC3C96 /* ArticleViewModel.swift */,
			);
			path = ViewModels;
			sourceTree = "<group>";
		};
		C93832B3286392EF00CC3C96 /* Cells */ = {
			isa = PBXGroup;
			children = (
				C93832B42863930A00CC3C96 /* ArticleTableViewCell.swift */,
			);
			path = Cells;
			sourceTree = "<group>";
		};
		C9724B402862043C0051F323 /* Services */ = {
			isa = PBXGroup;
			children = (
				C9724B41286204480051F323 /* Webservice.swift */,
			);
			path = Services;
			sourceTree = "<group>";
		};
/* End PBXGroup section */

/* Begin PBXNativeTarget section */
		C906EA4F2861FDE300EE8B9C /* MvvmNews */ = {
			isa = PBXNativeTarget;
			buildConfigurationList = C906EA642861FDE400EE8B9C /* Build configuration list for PBXNativeTarget "MvvmNews" */;
			buildPhases = (
				C906EA4C2861FDE300EE8B9C /* Sources */,
				C906EA4D2861FDE300EE8B9C /* Frameworks */,
				C906EA4E2861FDE300EE8B9C /* Resources */,
			);
			buildRules = (
			);
			dependencies = (
			);
			name = MvvmNews;
			productName = MvvmNews;
			productReference = C906EA502861FDE300EE8B9C /* MvvmNews.app */;
			productType = "com.apple.product-type.application";
		};
/* End PBXNativeTarget section */

/* Begin PBXProject section */
		C906EA482861FDE300EE8B9C /* Project object */ = {
			isa = PBXProject;
			attributes = {
				BuildIndependentTargetsInParallel = 1;
				LastSwiftUpdateCheck = 1340;
				LastUpgradeCheck = 1340;
				TargetAttributes = {
					C906EA4F2861FDE300EE8B9C = {
						CreatedOnToolsVersion = 13.4.1;
					};
				};
			};
			buildConfigurationList = C906EA4B2861FDE300EE8B9C /* Build configuration list for PBXProject "MvvmNews" */;
			compatibilityVersion = "Xcode 13.0";
			developmentRegion = en;
			hasScannedForEncodings = 0;
			knownRegions = (
				en,
				Base,
			);
			mainGroup = C906EA472861FDE300EE8B9C;
			productRefGroup = C906EA512861FDE300EE8B9C /* Products */;
			projectDirPath = "";
			projectRoot = "";
			targets = (
				C906EA4F2861FDE300EE8B9C /* MvvmNews */,
			);
		};
/* End PBXProject section */

/* Begin PBXResourcesBuildPhase section */
		C906EA4E2861FDE300EE8B9C /* Resources */ = {
			isa = PBXResourcesBuildPhase;
			buildActionMask = 2147483647;
			files = (
				C906EA602861FDE400EE8B9C /* LaunchScreen.storyboard in Resources */,
				C906EA5D2861FDE400EE8B9C /* Assets.xcassets in Resources */,
				C906EA5B2861FDE300EE8B9C /* Main.storyboard in Resources */,
			);
			runOnlyForDeploymentPostprocessing = 0;
		};
/* End PBXResourcesBuildPhase section */

/* Begin PBXSourcesBuildPhase section */
		C906EA4C2861FDE300EE8B9C /* Sources */ = {
			isa = PBXSourcesBuildPhase;
			buildActionMask = 2147483647;
			files = (
				C906EA542861FDE300EE8B9C /* AppDelegate.swift in Sources */,
				C906EA692861FE0700EE8B9C /* NewsListTableViewController.swift in Sources */,
				C9724B42286204480051F323 /* Webservice.swift in Sources */,
				C93832B228638E2B00CC3C96 /* ArticleViewModel.swift in Sources */,
				C906EA562861FDE300EE8B9C /* SceneDelegate.swift in Sources */,
				C93832B52863930A00CC3C96 /* ArticleTableViewCell.swift in Sources */,
				C93832AF286385C500CC3C96 /* Article.swift in Sources */,
			);
			runOnlyForDeploymentPostprocessing = 0;
		};
/* End PBXSourcesBuildPhase section */

/* Begin PBXVariantGroup section */
		C906EA592861FDE300EE8B9C /* Main.storyboard */ = {
			isa = PBXVariantGroup;
			children = (
				C906EA5A2861FDE300EE8B9C /* Base */,
			);
			name = Main.storyboard;
			sourceTree = "<group>";
		};
		C906EA5E2861FDE400EE8B9C /* LaunchScreen.storyboard */ = {
			isa = PBXVariantGroup;
			children = (
				C906EA5F2861FDE400EE8B9C /* Base */,
			);
			name = LaunchScreen.storyboard;
			sourceTree = "<group>";
		};
/* End PBXVariantGroup section */

/* Begin XCBuildConfiguration section */
		C906EA622861FDE400EE8B9C /* Debug */ = {
			isa = XCBuildConfiguration;
			buildSettings = {
				ALWAYS_SEARCH_USER_PATHS = NO;
				CLANG_ANALYZER_NONNULL = YES;
				CLANG_ANALYZER_NUMBER_OBJECT_CONVERSION = YES_AGGRESSIVE;
				CLANG_CXX_LANGUAGE_STANDARD = "gnu++17";
				CLANG_ENABLE_MODULES = YES;
				CLANG_ENABLE_OBJC_ARC = YES;
				CLANG_ENABLE_OBJC_WEAK = YES;
				CLANG_WARN_BLOCK_CAPTURE_AUTORELEASING = YES;
				CLANG_WARN_BOOL_CONVERSION = YES;
				CLANG_WARN_COMMA = YES;
				CLANG_WARN_CONSTANT_CONVERSION = YES;
				CLANG_WARN_DEPRECATED_OBJC_IMPLEMENTATIONS = YES;
				CLANG_WARN_DIRECT_OBJC_ISA_USAGE = YES_ERROR;
				CLANG_WARN_DOCUMENTATION_COMMENTS = YES;
				CLANG_WARN_EMPTY_BODY = YES;
				CLANG_WARN_ENUM_CONVERSION = YES;
				CLANG_WARN_INFINITE_RECURSION = YES;
				CLANG_WARN_INT_CONVERSION = YES;
				CLANG_WARN_NON_LITERAL_NULL_CONVERSION = YES;
				CLANG_WARN_OBJC_IMPLICIT_RETAIN_SELF = YES;
				CLANG_WARN_OBJC_LITERAL_CONVERSION = YES;
				CLANG_WARN_OBJC_ROOT_CLASS = YES_ERROR;
				CLANG_WARN_QUOTED_INCLUDE_IN_FRAMEWORK_HEADER = YES;
				CLANG_WARN_RANGE_LOOP_ANALYSIS = YES;
				CLANG_WARN_STRICT_PROTOTYPES = YES;
				CLANG_WARN_SUSPICIOUS_MOVE = YES;
				CLANG_WARN_UNGUARDED_AVAILABILITY = YES_AGGRESSIVE;
				CLANG_WARN_UNREACHABLE_CODE = YES;
				CLANG_WARN__DUPLICATE_METHOD_MATCH = YES;
				COPY_PHASE_STRIP = NO;
				DEBUG_INFORMATION_FORMAT = dwarf;
				ENABLE_STRICT_OBJC_MSGSEND = YES;
				ENABLE_TESTABILITY = YES;
				GCC_C_LANGUAGE_STANDARD = gnu11;
				GCC_DYNAMIC_NO_PIC = NO;
				GCC_NO_COMMON_BLOCKS = YES;
				GCC_OPTIMIZATION_LEVEL = 0;
				GCC_PREPROCESSOR_DEFINITIONS = (
					"DEBUG=1",
					"$(inherited)",
				);
				GCC_WARN_64_TO_32_BIT_CONVERSION = YES;
				GCC_WARN_ABOUT_RETURN_TYPE = YES_ERROR;
				GCC_WARN_UNDECLARED_SELECTOR = YES;
				GCC_WARN_UNINITIALIZED_AUTOS = YES_AGGRESSIVE;
				GCC_WARN_UNUSED_FUNCTION = YES;
				GCC_WARN_UNUSED_VARIABLE = YES;
				IPHONEOS_DEPLOYMENT_TARGET = 15.5;
				MTL_ENABLE_DEBUG_INFO = INCLUDE_SOURCE;
				MTL_FAST_MATH = YES;
				ONLY_ACTIVE_ARCH = YES;
				SDKROOT = iphoneos;
				SWIFT_ACTIVE_COMPILATION_CONDITIONS = DEBUG;
				SWIFT_OPTIMIZATION_LEVEL = "-Onone";
			};
			name = Debug;
		};
		C906EA632861FDE400EE8B9C /* Release */ = {
			isa = XCBuildConfiguration;
			buildSettings = {
				ALWAYS_SEARCH_USER_PATHS = NO;
				CLANG_ANALYZER_NONNULL = YES;
				CLANG_ANALYZER_NUMBER_OBJECT_CONVERSION = YES_AGGRESSIVE;
				CLANG_CXX_LANGUAGE_STANDARD = "gnu++17";
				CLANG_ENABLE_MODULES = YES;
				CLANG_ENABLE_OBJC_ARC = YES;
				CLANG_ENABLE_OBJC_WEAK = YES;
				CLANG_WARN_BLOCK_CAPTURE_AUTORELEASING = YES;
				CLANG_WARN_BOOL_CONVERSION = YES;
				CLANG_WARN_COMMA = YES;
				CLANG_WARN_CONSTANT_CONVERSION = YES;
				CLANG_WARN_DEPRECATED_OBJC_IMPLEMENTATIONS = YES;
				CLANG_WARN_DIRECT_OBJC_ISA_USAGE = YES_ERROR;
				CLANG_WARN_DOCUMENTATION_COMMENTS = YES;
				CLANG_WARN_EMPTY_BODY = YES;
				CLANG_WARN_ENUM_CONVERSION = YES;
				CLANG_WARN_INFINITE_RECURSION = YES;
				CLANG_WARN_INT_CONVERSION = YES;
				CLANG_WARN_NON_LITERAL_NULL_CONVERSION = YES;
				CLANG_WARN_OBJC_IMPLICIT_RETAIN_SELF = YES;
				CLANG_WARN_OBJC_LITERAL_CONVERSION = YES;
				CLANG_WARN_OBJC_ROOT_CLASS = YES_ERROR;
				CLANG_WARN_QUOTED_INCLUDE_IN_FRAMEWORK_HEADER = YES;
				CLANG_WARN_RANGE_LOOP_ANALYSIS = YES;
				CLANG_WARN_STRICT_PROTOTYPES = YES;
				CLANG_WARN_SUSPICIOUS_MOVE = YES;
				CLANG_WARN_UNGUARDED_AVAILABILITY = YES_AGGRESSIVE;
				CLANG_WARN_UNREACHABLE_CODE = YES;
				CLANG_WARN__DUPLICATE_METHOD_MATCH = YES;
				COPY_PHASE_STRIP = NO;
				DEBUG_INFORMATION_FORMAT = "dwarf-with-dsym";
				ENABLE_NS_ASSERTIONS = NO;
				ENABLE_STRICT_OBJC_MSGSEND = YES;
				GCC_C_LANGUAGE_STANDARD = gnu11;
				GCC_NO_COMMON_BLOCKS = YES;
				GCC_WARN_64_TO_32_BIT_CONVERSION = YES;
				GCC_WARN_ABOUT_RETURN_TYPE = YES_ERROR;
				GCC_WARN_UNDECLARED_SELECTOR = YES;
				GCC_WARN_UNINITIALIZED_AUTOS = YES_AGGRESSIVE;
				GCC_WARN_UNUSED_FUNCTION = YES;
				GCC_WARN_UNUSED_VARIABLE = YES;
				IPHONEOS_DEPLOYMENT_TARGET = 15.5;
				MTL_ENABLE_DEBUG_INFO = NO;
				MTL_FAST_MATH = YES;
				SDKROOT = iphoneos;
				SWIFT_COMPILATION_MODE = wholemodule;
				SWIFT_OPTIMIZATION_LEVEL = "-O";
				VALIDATE_PRODUCT = YES;
			};
			name = Release;
		};
		C906EA652861FDE400EE8B9C /* Debug */ = {
			isa = XCBuildConfiguration;
			buildSettings = {
				ASSETCATALOG_COMPILER_APPICON_NAME = AppIcon;
				ASSETCATALOG_COMPILER_GLOBAL_ACCENT_COLOR_NAME = AccentColor;
				CODE_SIGN_STYLE = Automatic;
				CURRENT_PROJECT_VERSION = 1;
				DEVELOPMENT_TEAM = 4AKWAHU929;
				GENERATE_INFOPLIST_FILE = YES;
				INFOPLIST_FILE = MvvmNews/Info.plist;
				INFOPLIST_KEY_UIApplicationSupportsIndirectInputEvents = YES;
				INFOPLIST_KEY_UILaunchStoryboardName = LaunchScreen;
				INFOPLIST_KEY_UIMainStoryboardFile = Main;
				INFOPLIST_KEY_UISupportedInterfaceOrientations_iPad = "UIInterfaceOrientationPortrait UIInterfaceOrientationPortraitUpsideDown UIInterfaceOrientationLandscapeLeft UIInterfaceOrientationLandscapeRight";
				INFOPLIST_KEY_UISupportedInterfaceOrientations_iPhone = "UIInterfaceOrientationPortrait UIInterfaceOrientationLandscapeLeft UIInterfaceOrientationLandscapeRight";
				LD_RUNPATH_SEARCH_PATHS = (
					"$(inherited)",
					"@executable_path/Frameworks",
				);
				MARKETING_VERSION = 1.0;
				PRODUCT_BUNDLE_IDENTIFIER = com.mehmetergun.MvvmNews;
				PRODUCT_NAME = "$(TARGET_NAME)";
				SWIFT_EMIT_LOC_STRINGS = YES;
				SWIFT_VERSION = 5.0;
				TARGETED_DEVICE_FAMILY = "1,2";
			};
			name = Debug;
		};
		C906EA662861FDE400EE8B9C /* Release */ = {
			isa = XCBuildConfiguration;
			buildSettings = {
				ASSETCATALOG_COMPILER_APPICON_NAME = AppIcon;
				ASSETCATALOG_COMPILER_GLOBAL_ACCENT_COLOR_NAME = AccentColor;
				CODE_SIGN_STYLE = Automatic;
				CURRENT_PROJECT_VERSION = 1;
				DEVELOPMENT_TEAM = 4AKWAHU929;
				GENERATE_INFOPLIST_FILE = YES;
				INFOPLIST_FILE = MvvmNews/Info.plist;
				INFOPLIST_KEY_UIApplicationSupportsIndirectInputEvents = YES;
				INFOPLIST_KEY_UILaunchStoryboardName = LaunchScreen;
				INFOPLIST_KEY_UIMainStoryboardFile = Main;
				INFOPLIST_KEY_UISupportedInterfaceOrientations_iPad = "UIInterfaceOrientationPortrait UIInterfaceOrientationPortraitUpsideDown UIInterfaceOrientationLandscapeLeft UIInterfaceOrientationLandscapeRight";
				INFOPLIST_KEY_UISupportedInterfaceOrientations_iPhone = "UIInterfaceOrientationPortrait UIInterfaceOrientationLandscapeLeft UIInterfaceOrientationLandscapeRight";
				LD_RUNPATH_SEARCH_PATHS = (
					"$(inherited)",
					"@executable_path/Frameworks",
				);
				MARKETING_VERSION = 1.0;
				PRODUCT_BUNDLE_IDENTIFIER = com.mehmetergun.MvvmNews;
				PRODUCT_NAME = "$(TARGET_NAME)";
				SWIFT_EMIT_LOC_STRINGS = YES;
				SWIFT_VERSION = 5.0;
				TARGETED_DEVICE_FAMILY = "1,2";
			};
			name = Release;
		};
/* End XCBuildConfiguration section */

/* Begin XCConfigurationList section */
		C906EA4B2861FDE300EE8B9C /* Build configuration list for PBXProject "MvvmNews" */ = {
			isa = XCConfigurationList;
			buildConfigurations = (
				C906EA622861FDE400EE8B9C /* Debug */,
				C906EA632861FDE400EE8B9C /* Release */,
			);
			defaultConfigurationIsVisible = 0;
			defaultConfigurationName = Release;
		};
		C906EA642861FDE400EE8B9C /* Build configuration list for PBXNativeTarget "MvvmNews" */ = {
			isa = XCConfigurationList;
			buildConfigurations = (
				C906EA652861FDE400EE8B9C /* Debug */,
				C906EA662861FDE400EE8B9C /* Release */,
			);
			defaultConfigurationIsVisible = 0;
			defaultConfigurationName = Release;
		};
/* End XCConfigurationList section */
	};
	rootObject = C906EA482861FDE300EE8B9C /* Project object */;
}
